
Microsoft Visual Studio Solution File, Format Version 12.00
# Visual Studio Version 17
VisualStudioVersion = 17.10.34928.147
MinimumVisualStudioVersion = 10.0.40219.1
Project("{FAE04EC0-301F-11D3-BF4B-00C04F79EFBC}") = "FunkollectionApp", "FunkollectionApp\FunkollectionApp.csproj", "{9FFE0C08-0D49-4E50-A525-10D0C96CB128}"
EndProject
Global
	GlobalSection(SolutionConfigurationPlatforms) = preSolution
		Debug|Any CPU = Debug|Any CPU
		Release|Any CPU = Release|Any CPU
	EndGlobalSection
	GlobalSection(ProjectConfigurationPlatforms) = postSolution
		{9FFE0C08-0D49-4E50-A525-10D0C96CB128}.Debug|Any CPU.ActiveCfg = Debug|Any CPU
		{9FFE0C08-0D49-4E50-A525-10D0C96CB128}.Debug|Any CPU.Build.0 = Debug|Any CPU
		{9FFE0C08-0D49-4E50-A525-10D0C96CB128}.Release|Any CPU.ActiveCfg = Release|Any CPU
		{9FFE0C08-0D49-4E50-A525-10D0C96CB128}.Release|Any CPU.Build.0 = Release|Any CPU
	EndGlobalSection
	GlobalSection(SolutionProperties) = preSolution
		HideSolutionNode = FALSE
	EndGlobalSection
	GlobalSection(ExtensibilityGlobals) = postSolution
		SolutionGuid = {8A7D2B0B-E1BF-454A-9CE6-641FBA1E771C}
	EndGlobalSection
EndGlobal
